
Microsoft Visual Studio Solution File, Format Version 12.00
# Visual Studio Version 16
VisualStudioVersion = 16.0.30011.22
MinimumVisualStudioVersion = 10.0.40219.1
Project("{9A19103F-16F7-4668-BE54-9A1E7A4F7556}") = "PluginTemplate", "src\PluginTemplate.csproj", "{3868B680-3B15-47A9-9A30-0F680F869C33}"
EndProject
Global
	GlobalSection(SolutionConfigurationPlatforms) = preSolution
		Debug|Any CPU = Debug|Any CPU
		Release|Any CPU = Release|Any CPU
	EndGlobalSection
	GlobalSection(ProjectConfigurationPlatforms) = postSolution
		{3868B680-3B15-47A9-9A30-0F680F869C33}.Debug|Any CPU.ActiveCfg = Debug|Any CPU
		{3868B680-3B15-47A9-9A30-0F680F869C33}.Debug|Any CPU.Build.0 = Debug|Any CPU
		{3868B680-3B15-47A9-9A30-0F680F869C33}.Release|Any CPU.ActiveCfg = Release|Any CPU
		{3868B680-3B15-47A9-9A30-0F680F869C33}.Release|Any CPU.Build.0 = Release|Any CPU
	EndGlobalSection
	GlobalSection(SolutionProperties) = preSolution
		HideSolutionNode = FALSE
	EndGlobalSection
	GlobalSection(ExtensibilityGlobals) = postSolution
		SolutionGuid = {178D7AFD-E509-409E-823A-95BA0A0B82FF}
	EndGlobalSection
EndGlobal
